{
  "name": "vue2-multiple-entry",
  "version": "2.0.0",
  "lockfileVersion": 1,
  "requires": true,
  "dependencies": {
    "@allin/arthas_monitor_report": {
      "version": "1.1.0",
      "resolved": "http://192.168.1.149:7001/@allin/arthas_monitor_report/download/@allin/arthas_monitor_report-1.1.0.tgz",
      "integrity": "sha1-mB12x39g8QwCiQ2hOdWDeIIGRss="
    },
    "@allin/wap-share": {
      "version": "1.0.6",
      "resolved": "http://192.168.1.149:7001/@allin/wap-share/download/@allin/wap-share-1.0.6.tgz",
      "integrity": "sha1-HlS205wJfOGN//UAGcK/Zvh85lg="
    }
  }
}
